PODS:
  - LYComponent (0.0.6):
    - LYComponent/Extension (= 0.0.6)
  - LYComponent/Extension (0.0.6):
    - MJRefresh (>= 3.5.0)
  - MJRefresh (3.7.2)

DEPENDENCIES:
  - LYComponent (from `../`)

SPEC REPOS:
  trunk:
    - MJRefresh

EXTERNAL SOURCES:
  LYComponent:
    :path: "../"

SPEC CHECKSUMS:
  LYComponent: 2053895734ea7c569c2747d101da3f91c7a3f27c
  MJRefresh: 30997d30b347c8e9508a4db11e3a690da0c9b85a

PODFILE CHECKSUM: d1cbf047e4874be6ec7ef1546407413119dab70f

COCOAPODS: 1.10.1
